
Microsoft Visual Studio Solution File, Format Version 12.00
# Visual Studio Version 17
VisualStudioVersion = 17.5.33516.290
MinimumVisualStudioVersion = 10.0.40219.1
Project("{2150E333-8FDC-42A3-9474-1A3956D46DE8}") = "MQTT Subscriber", "MQTT Subscriber", "{D6D08109-F669-4A19-A374-483F8657EF79}"
EndProject
Project("{2150E333-8FDC-42A3-9474-1A3956D46DE8}") = "MQTT Publisher", "MQTT Publisher", "{5950490C-4C25-4031-8676-B2613D4680E4}"
EndProject
Project("{FAE04EC0-301F-11D3-BF4B-00C04F79EFBC}") = "SmartHomeMonitoringApp", "RpiMonitoringApp\SmartHomeMonitoringApp.csproj", "{DBB07988-7B84-45C3-98FD-33F9DB4FA41A}"
EndProject
Global
	GlobalSection(SolutionConfigurationPlatforms) = preSolution
		Debug|Any CPU = Debug|Any CPU
		Release|Any CPU = Release|Any CPU
	EndGlobalSection
	GlobalSection(ProjectConfigurationPlatforms) = postSolution
		{DBB07988-7B84-45C3-98FD-33F9DB4FA41A}.Debug|Any CPU.ActiveCfg = Debug|Any CPU
		{DBB07988-7B84-45C3-98FD-33F9DB4FA41A}.Debug|Any CPU.Build.0 = Debug|Any CPU
		{DBB07988-7B84-45C3-98FD-33F9DB4FA41A}.Release|Any CPU.ActiveCfg = Release|Any CPU
		{DBB07988-7B84-45C3-98FD-33F9DB4FA41A}.Release|Any CPU.Build.0 = Release|Any CPU
	EndGlobalSection
	GlobalSection(SolutionProperties) = preSolution
		HideSolutionNode = FALSE
	EndGlobalSection
	GlobalSection(NestedProjects) = preSolution
		{DBB07988-7B84-45C3-98FD-33F9DB4FA41A} = {D6D08109-F669-4A19-A374-483F8657EF79}
	EndGlobalSection
	GlobalSection(ExtensibilityGlobals) = postSolution
		SolutionGuid = {784C82A6-BBF6-4B8A-8ED8-231158AC03F3}
	EndGlobalSection
EndGlobal
